PODS:
  - barcode_scan (0.0.1):
    - Flutter
    - MTBBarcodeScanner
  - Flutter (1.0.0)
  - MTBBarcodeScanner (5.0.11)

DEPENDENCIES:
  - barcode_scan (from `/Users/pszot/Documents/projects/flutter_barcode_reader/ios`)
  - Flutter (from `/Users/pszot/flutter/bin/cache/artifacts/engine/ios`)

SPEC REPOS:
  trunk:
    - MTBBarcodeScanner

EXTERNAL SOURCES:
  barcode_scan:
    :path: "/Users/pszot/Documents/projects/flutter_barcode_reader/ios"
  Flutter:
    :path: "/Users/pszot/flutter/bin/cache/artifacts/engine/ios"

SPEC CHECKSUMS:
  barcode_scan: 33f586d02270046fc6559135038b34b5754eaa4f
  Flutter: 0e3d915762c693b495b44d77113d4970485de6ec
  MTBBarcodeScanner: f453b33c4b7dfe545d8c6484ed744d55671788cb

PODFILE CHECKSUM: 407db753d18e8726329521f96a8fa0bebaef3f42

COCOAPODS: 1.8.4
