PODS:
  - barcode_scan (0.0.1):
    - Flutter
    - MTBBarcodeScanner
  - Flutter (1.0.0)
  - MTBBarcodeScanner (5.0.11)

DEPENDENCIES:
  - barcode_scan (from `/Users/matthew/AppTree/plugins/barcode_scan/ios`)
  - Flutter (from `/Users/matthew/Library/flutter/bin/cache/artifacts/engine/ios`)

SPEC REPOS:
  https://github.com/cocoapods/specs.git:
    - MTBBarcodeScanner

EXTERNAL SOURCES:
  barcode_scan:
    :path: "/Users/matthew/AppTree/plugins/barcode_scan/ios"
  Flutter:
    :path: "/Users/matthew/Library/flutter/bin/cache/artifacts/engine/ios"

SPEC CHECKSUMS:
  barcode_scan: 33f586d02270046fc6559135038b34b5754eaa4f
  Flutter: 58dd7d1b27887414a370fcccb9e645c08ffd7a6a
  MTBBarcodeScanner: f453b33c4b7dfe545d8c6484ed744d55671788cb

PODFILE CHECKSUM: 407db753d18e8726329521f96a8fa0bebaef3f42

COCOAPODS: 1.6.1
