PODS:
  - barcode_scan (0.0.1):
    - Flutter
    - MTBBarcodeScanner
  - Flutter (1.0.0)
  - MTBBarcodeScanner (5.0.6)

DEPENDENCIES:
  - barcode_scan (from `/Users/dustin/Documents/workspace_flutter/flutter_barcode_reader/ios`)
  - Flutter (from `/Users/dustin/flutter/bin/cache/artifacts/engine/ios`)

SPEC REPOS:
  https://github.com/cocoapods/specs.git:
    - MTBBarcodeScanner

EXTERNAL SOURCES:
  barcode_scan:
    :path: "/Users/dustin/Documents/workspace_flutter/flutter_barcode_reader/ios"
  Flutter:
    :path: "/Users/dustin/flutter/bin/cache/artifacts/engine/ios"

SPEC CHECKSUMS:
  barcode_scan: 8288e70cb430072003bce2c794a1431e7adbcb4d
  Flutter: 9d0fac939486c9aba2809b7982dfdbb47a7b0296
  MTBBarcodeScanner: bb0bb62e18b57f8a571a482248adc20722b70a91

PODFILE CHECKSUM: 407db753d18e8726329521f96a8fa0bebaef3f42

COCOAPODS: 1.5.3
